
Microsoft Visual Studio Solution File, Format Version 12.00
# Visual Studio Version 17
VisualStudioVersion = 17.1.32328.378
MinimumVisualStudioVersion = 10.0.40219.1
Project("{8BC9CEB8-8B4A-11D0-8D11-00A0C91BC942}") = "sample_project1", "C++\C++.vcxproj", "{53BB67B1-985E-4138-8204-6B5C22936910}"
EndProject
Project("{8BC9CEB8-8B4A-11D0-8D11-00A0C91BC942}") = "sample_project1_new", "sample_project1_new\sample_project1_new.vcxproj", "{C0CCD532-3924-4C59-857F-EC031E322E86}"
EndProject
Project("{8BC9CEB8-8B4A-11D0-8D11-00A0C91BC942}") = "sample2-1", "sample2-1\sample2-1.vcxproj", "{D00D9E45-B6A1-4EB4-BF00-CC902B7ED478}"
EndProject
Project("{8BC9CEB8-8B4A-11D0-8D11-00A0C91BC942}") = "sample3-1", "sample3-1\sample3-1.vcxproj", "{607BB6E7-3A01-423F-867F-A5B1EF971A47}"
EndProject
Project("{8BC9CEB8-8B4A-11D0-8D11-00A0C91BC942}") = "sample3-2", "sample3-2\sample3-2.vcxproj", "{65806FEC-AA32-49F3-A02D-FB3EC47BC1B5}"
EndProject
Project("{8BC9CEB8-8B4A-11D0-8D11-00A0C91BC942}") = "sample3-3", "sample3-3\sample3-3.vcxproj", "{ABD131A0-8E5D-4146-8217-FB17DFE80D36}"
EndProject
Project("{8BC9CEB8-8B4A-11D0-8D11-00A0C91BC942}") = "sample4-1", "sample4-1\sample4-1.vcxproj", "{2DAEBD3C-3C19-40C6-A059-8D7B0AC4D38F}"
EndProject
Project("{8BC9CEB8-8B4A-11D0-8D11-00A0C91BC942}") = "sample4-2", "sample4-2\sample4-2.vcxproj", "{86C51527-E16B-40FF-9232-FEE3A9AB4BBC}"
EndProject
Project("{8BC9CEB8-8B4A-11D0-8D11-00A0C91BC942}") = "sample4-3", "sample4-3\sample4-3.vcxproj", "{5A0C5389-2E15-4C2B-8C05-FC9AADFF52B1}"
EndProject
Project("{8BC9CEB8-8B4A-11D0-8D11-00A0C91BC942}") = "sample4-4", "sample4-4\sample4-4.vcxproj", "{343E6126-1A49-46A8-BDF5-6CAC9063D723}"
EndProject
Project("{8BC9CEB8-8B4A-11D0-8D11-00A0C91BC942}") = "sample5-1", "sample5-1\sample5-1.vcxproj", "{EF938FF3-6A18-47DE-B8D7-B54A54C8FB61}"
EndProject
Project("{8BC9CEB8-8B4A-11D0-8D11-00A0C91BC942}") = "sample6-1", "sample6-1\sample6-1.vcxproj", "{9BC4AEC4-E020-45BA-AF18-159650C49470}"
EndProject
Project("{8BC9CEB8-8B4A-11D0-8D11-00A0C91BC942}") = "prob5-1", "prob5-1\prob5-1.vcxproj", "{6722FB88-56C4-40D5-9E7A-4F53729C0A5A}"
EndProject
Project("{8BC9CEB8-8B4A-11D0-8D11-00A0C91BC942}") = "prob5-2", "prob5-2\prob5-2.vcxproj", "{4D964DE1-6532-46D6-8CCD-DAD5320CEAE7}"
EndProject
Project("{8BC9CEB8-8B4A-11D0-8D11-00A0C91BC942}") = "prob5-3", "prob5-3\prob5-3.vcxproj", "{94691655-2B86-48A6-AC84-1D45E4A68C29}"
EndProject
Project("{8BC9CEB8-8B4A-11D0-8D11-00A0C91BC942}") = "sample6-2", "sample6-2\sample6-2.vcxproj", "{799FA8D1-0D40-4DC5-9E7B-C996F5059CDE}"
EndProject
Project("{8BC9CEB8-8B4A-11D0-8D11-00A0C91BC942}") = "prob6-1", "prob6-1\prob6-1.vcxproj", "{53D3B68E-45AE-455E-96EC-10D4E177BD72}"
EndProject
Project("{8BC9CEB8-8B4A-11D0-8D11-00A0C91BC942}") = "prob6-2", "prob6-2\prob6-2.vcxproj", "{EE11214D-D7E6-4E03-A4CB-3161AA83A33C}"
EndProject
Project("{8BC9CEB8-8B4A-11D0-8D11-00A0C91BC942}") = "sample7-1", "sample7-1\sample7-1.vcxproj", "{B722A592-A769-49CC-A816-D55C97A537F9}"
EndProject
Project("{8BC9CEB8-8B4A-11D0-8D11-00A0C91BC942}") = "sample7-2", "sample7-2\sample7-2.vcxproj", "{370619BA-B207-4027-9B58-BDF71C7AA8E5}"
EndProject
Project("{8BC9CEB8-8B4A-11D0-8D11-00A0C91BC942}") = "sample7-3", "sample7-3\sample7-3.vcxproj", "{E3C60980-97AE-4027-A4BC-161D201280E1}"
EndProject
Project("{8BC9CEB8-8B4A-11D0-8D11-00A0C91BC942}") = "prob7-1", "prob7-1\prob7-1.vcxproj", "{0937592D-896B-407A-813E-F0EAA4E34166}"
EndProject
Project("{8BC9CEB8-8B4A-11D0-8D11-00A0C91BC942}") = "prob7-2", "prob7-2\prob7-2.vcxproj", "{BC962F45-6DB3-4257-9C67-672A109EE53E}"
EndProject
Project("{8BC9CEB8-8B4A-11D0-8D11-00A0C91BC942}") = "sample_ex1-1", "sample_ex1-1\sample_ex1-1.vcxproj", "{325BFE1A-846B-4BC0-844E-F0FC8256C92E}"
EndProject
Project("{8BC9CEB8-8B4A-11D0-8D11-00A0C91BC942}") = "sample_ex1-2", "sample_ex1-2\sample_ex1-2.vcxproj", "{47DDCAD1-CFB9-4BE4-A507-FC6440D320EA}"
EndProject
Project("{8BC9CEB8-8B4A-11D0-8D11-00A0C91BC942}") = "sample_ex1-3", "sample_ex1-3\sample_ex1-3.vcxproj", "{AC1A9519-3D5B-4EE5-A32F-7DF7016BB4CF}"
EndProject
Project("{8BC9CEB8-8B4A-11D0-8D11-00A0C91BC942}") = "sample_ex1-4", "sample_ex1-4\sample_ex1-4.vcxproj", "{115CE36B-617C-4B46-B4C4-9B7FEA085FEF}"
EndProject
Project("{8BC9CEB8-8B4A-11D0-8D11-00A0C91BC942}") = "sample_ex1-5", "sample_ex1-5\sample_ex1-5.vcxproj", "{A5B3F346-DFA2-41D9-B34E-6D7B223D2C73}"
EndProject
Project("{8BC9CEB8-8B4A-11D0-8D11-00A0C91BC942}") = "probex1-1", "probex1-1\probex1-1.vcxproj", "{0D23AEEE-A850-40AF-8E28-C6B26A4F494E}"
EndProject
Project("{8BC9CEB8-8B4A-11D0-8D11-00A0C91BC942}") = "probex1-2", "probex1-2\probex1-2.vcxproj", "{B8E813E8-E320-48D7-A2E0-F2818E8B3FA1}"
EndProject
Project("{8BC9CEB8-8B4A-11D0-8D11-00A0C91BC942}") = "probex1-3", "probex1-3\probex1-3.vcxproj", "{40B7427B-3A82-4BD9-8819-C5EEDDAA3494}"
EndProject
Project("{8BC9CEB8-8B4A-11D0-8D11-00A0C91BC942}") = "sample_ex2-1", "sample_ex2-1\sample_ex2-1.vcxproj", "{366821FE-C721-4205-9E66-22D3BC27DA75}"
EndProject
Project("{8BC9CEB8-8B4A-11D0-8D11-00A0C91BC942}") = "sample_ex2-2", "sample_ex2-2\sample_ex2-2.vcxproj", "{F4B92973-142E-4BA8-8B3E-BBBAD81A3D52}"
EndProject
Project("{8BC9CEB8-8B4A-11D0-8D11-00A0C91BC942}") = "sample_ex3-1", "sample_ex3-1\sample_ex3-1.vcxproj", "{764BDA8C-3B9B-427D-8D8B-F75DDF8A9EF5}"
EndProject
Project("{8BC9CEB8-8B4A-11D0-8D11-00A0C91BC942}") = "sample_ex3-2", "sample_ex3-2\sample_ex3-2.vcxproj", "{7C0626E2-7F6E-4DA4-B051-95346ED8F6D6}"
EndProject
Project("{8BC9CEB8-8B4A-11D0-8D11-00A0C91BC942}") = "probex3-1", "probex3-1\probex3-1.vcxproj", "{3AB7A97F-B4AC-484B-B040-96DCE00F22BB}"
EndProject
Project("{8BC9CEB8-8B4A-11D0-8D11-00A0C91BC942}") = "probex3-2", "probex3-2\probex3-2.vcxproj", "{13F3F873-0927-41B4-AC3A-CEE3FDB895D8}"
EndProject
Project("{8BC9CEB8-8B4A-11D0-8D11-00A0C91BC942}") = "sample_ex4-1", "sample_ex4-1\sample_ex4-1.vcxproj", "{F1F2AF0A-3358-4EBE-B963-30A02292398C}"
EndProject
Project("{8BC9CEB8-8B4A-11D0-8D11-00A0C91BC942}") = "sample_ex4-2", "sample_ex4-2\sample_ex4-2.vcxproj", "{82195F66-C0B0-497E-8307-EB3A4B41DE25}"
EndProject
Project("{8BC9CEB8-8B4A-11D0-8D11-00A0C91BC942}") = "sample_ex4-3", "sample_ex4-3\sample_ex4-3.vcxproj", "{ECADAFEE-5B8A-4492-9C24-5C098FDA093C}"
EndProject
Project("{8BC9CEB8-8B4A-11D0-8D11-00A0C91BC942}") = "probex4-1", "probex4-1\probex4-1.vcxproj", "{DF915536-57C1-48D4-8223-7DA5D4CE2B72}"
EndProject
Project("{8BC9CEB8-8B4A-11D0-8D11-00A0C91BC942}") = "probex4-2", "probex4-2\probex4-2.vcxproj", "{D8462681-DCD8-4110-89D5-59A28DE41CE1}"
EndProject
Project("{8BC9CEB8-8B4A-11D0-8D11-00A0C91BC942}") = "probex4-3", "probex4-3\probex4-3.vcxproj", "{076FEE47-513E-4FBD-9988-8019A4832528}"
EndProject
Project("{8BC9CEB8-8B4A-11D0-8D11-00A0C91BC942}") = "probex4-4", "probex4-4\probex4-4.vcxproj", "{2A586003-4D72-406A-8F72-2C2067989EB2}"
EndProject
Global
	GlobalSection(SolutionConfigurationPlatforms) = preSolution
		Debug|x64 = Debug|x64
		Debug|x86 = Debug|x86
		Release|x64 = Release|x64
		Release|x86 = Release|x86
	EndGlobalSection
	GlobalSection(ProjectConfigurationPlatforms) = postSolution
		{53BB67B1-985E-4138-8204-6B5C22936910}.Debug|x64.ActiveCfg = Debug|x64
		{53BB67B1-985E-4138-8204-6B5C22936910}.Debug|x64.Build.0 = Debug|x64
		{53BB67B1-985E-4138-8204-6B5C22936910}.Debug|x86.ActiveCfg = Debug|Win32
		{53BB67B1-985E-4138-8204-6B5C22936910}.Debug|x86.Build.0 = Debug|Win32
		{53BB67B1-985E-4138-8204-6B5C22936910}.Release|x64.ActiveCfg = Release|x64
		{53BB67B1-985E-4138-8204-6B5C22936910}.Release|x64.Build.0 = Release|x64
		{53BB67B1-985E-4138-8204-6B5C22936910}.Release|x86.ActiveCfg = Release|Win32
		{53BB67B1-985E-4138-8204-6B5C22936910}.Release|x86.Build.0 = Release|Win32
		{C0CCD532-3924-4C59-857F-EC031E322E86}.Debug|x64.ActiveCfg = Debug|x64
		{C0CCD532-3924-4C59-857F-EC031E322E86}.Debug|x64.Build.0 = Debug|x64
		{C0CCD532-3924-4C59-857F-EC031E322E86}.Debug|x86.ActiveCfg = Debug|Win32
		{C0CCD532-3924-4C59-857F-EC031E322E86}.Debug|x86.Build.0 = Debug|Win32
		{C0CCD532-3924-4C59-857F-EC031E322E86}.Release|x64.ActiveCfg = Release|x64
		{C0CCD532-3924-4C59-857F-EC031E322E86}.Release|x64.Build.0 = Release|x64
		{C0CCD532-3924-4C59-857F-EC031E322E86}.Release|x86.ActiveCfg = Release|Win32
		{C0CCD532-3924-4C59-857F-EC031E322E86}.Release|x86.Build.0 = Release|Win32
		{D00D9E45-B6A1-4EB4-BF00-CC902B7ED478}.Debug|x64.ActiveCfg = Debug|x64
		{D00D9E45-B6A1-4EB4-BF00-CC902B7ED478}.Debug|x64.Build.0 = Debug|x64
		{D00D9E45-B6A1-4EB4-BF00-CC902B7ED478}.Debug|x86.ActiveCfg = Debug|Win32
		{D00D9E45-B6A1-4EB4-BF00-CC902B7ED478}.Debug|x86.Build.0 = Debug|Win32
		{D00D9E45-B6A1-4EB4-BF00-CC902B7ED478}.Release|x64.ActiveCfg = Release|x64
		{D00D9E45-B6A1-4EB4-BF00-CC902B7ED478}.Release|x64.Build.0 = Release|x64
		{D00D9E45-B6A1-4EB4-BF00-CC902B7ED478}.Release|x86.ActiveCfg = Release|Win32
		{D00D9E45-B6A1-4EB4-BF00-CC902B7ED478}.Release|x86.Build.0 = Release|Win32
		{607BB6E7-3A01-423F-867F-A5B1EF971A47}.Debug|x64.ActiveCfg = Debug|x64
		{607BB6E7-3A01-423F-867F-A5B1EF971A47}.Debug|x64.Build.0 = Debug|x64
		{607BB6E7-3A01-423F-867F-A5B1EF971A47}.Debug|x86.ActiveCfg = Debug|Win32
		{607BB6E7-3A01-423F-867F-A5B1EF971A47}.Debug|x86.Build.0 = Debug|Win32
		{607BB6E7-3A01-423F-867F-A5B1EF971A47}.Release|x64.ActiveCfg = Release|x64
		{607BB6E7-3A01-423F-867F-A5B1EF971A47}.Release|x64.Build.0 = Release|x64
		{607BB6E7-3A01-423F-867F-A5B1EF971A47}.Release|x86.ActiveCfg = Release|Win32
		{607BB6E7-3A01-423F-867F-A5B1EF971A47}.Release|x86.Build.0 = Release|Win32
		{65806FEC-AA32-49F3-A02D-FB3EC47BC1B5}.Debug|x64.ActiveCfg = Debug|x64
		{65806FEC-AA32-49F3-A02D-FB3EC47BC1B5}.Debug|x64.Build.0 = Debug|x64
		{65806FEC-AA32-49F3-A02D-FB3EC47BC1B5}.Debug|x86.ActiveCfg = Debug|Win32
		{65806FEC-AA32-49F3-A02D-FB3EC47BC1B5}.Debug|x86.Build.0 = Debug|Win32
		{65806FEC-AA32-49F3-A02D-FB3EC47BC1B5}.Release|x64.ActiveCfg = Release|x64
		{65806FEC-AA32-49F3-A02D-FB3EC47BC1B5}.Release|x64.Build.0 = Release|x64
		{65806FEC-AA32-49F3-A02D-FB3EC47BC1B5}.Release|x86.ActiveCfg = Release|Win32
		{65806FEC-AA32-49F3-A02D-FB3EC47BC1B5}.Release|x86.Build.0 = Release|Win32
		{ABD131A0-8E5D-4146-8217-FB17DFE80D36}.Debug|x64.ActiveCfg = Debug|x64
		{ABD131A0-8E5D-4146-8217-FB17DFE80D36}.Debug|x64.Build.0 = Debug|x64
		{ABD131A0-8E5D-4146-8217-FB17DFE80D36}.Debug|x86.ActiveCfg = Debug|Win32
		{ABD131A0-8E5D-4146-8217-FB17DFE80D36}.Debug|x86.Build.0 = Debug|Win32
		{ABD131A0-8E5D-4146-8217-FB17DFE80D36}.Release|x64.ActiveCfg = Release|x64
		{ABD131A0-8E5D-4146-8217-FB17DFE80D36}.Release|x64.Build.0 = Release|x64
		{ABD131A0-8E5D-4146-8217-FB17DFE80D36}.Release|x86.ActiveCfg = Release|Win32
		{ABD131A0-8E5D-4146-8217-FB17DFE80D36}.Release|x86.Build.0 = Release|Win32
		{2DAEBD3C-3C19-40C6-A059-8D7B0AC4D38F}.Debug|x64.ActiveCfg = Debug|x64
		{2DAEBD3C-3C19-40C6-A059-8D7B0AC4D38F}.Debug|x64.Build.0 = Debug|x64
		{2DAEBD3C-3C19-40C6-A059-8D7B0AC4D38F}.Debug|x86.ActiveCfg = Debug|Win32
		{2DAEBD3C-3C19-40C6-A059-8D7B0AC4D38F}.Debug|x86.Build.0 = Debug|Win32
		{2DAEBD3C-3C19-40C6-A059-8D7B0AC4D38F}.Release|x64.ActiveCfg = Release|x64
		{2DAEBD3C-3C19-40C6-A059-8D7B0AC4D38F}.Release|x64.Build.0 = Release|x64
		{2DAEBD3C-3C19-40C6-A059-8D7B0AC4D38F}.Release|x86.ActiveCfg = Release|Win32
		{2DAEBD3C-3C19-40C6-A059-8D7B0AC4D38F}.Release|x86.Build.0 = Release|Win32
		{86C51527-E16B-40FF-9232-FEE3A9AB4BBC}.Debug|x64.ActiveCfg = Debug|x64
		{86C51527-E16B-40FF-9232-FEE3A9AB4BBC}.Debug|x64.Build.0 = Debug|x64
		{86C51527-E16B-40FF-9232-FEE3A9AB4BBC}.Debug|x86.ActiveCfg = Debug|Win32
		{86C51527-E16B-40FF-9232-FEE3A9AB4BBC}.Debug|x86.Build.0 = Debug|Win32
		{86C51527-E16B-40FF-9232-FEE3A9AB4BBC}.Release|x64.ActiveCfg = Release|x64
		{86C51527-E16B-40FF-9232-FEE3A9AB4BBC}.Release|x64.Build.0 = Release|x64
		{86C51527-E16B-40FF-9232-FEE3A9AB4BBC}.Release|x86.ActiveCfg = Release|Win32
		{86C51527-E16B-40FF-9232-FEE3A9AB4BBC}.Release|x86.Build.0 = Release|Win32
		{5A0C5389-2E15-4C2B-8C05-FC9AADFF52B1}.Debug|x64.ActiveCfg = Debug|x64
		{5A0C5389-2E15-4C2B-8C05-FC9AADFF52B1}.Debug|x64.Build.0 = Debug|x64
		{5A0C5389-2E15-4C2B-8C05-FC9AADFF52B1}.Debug|x86.ActiveCfg = Debug|Win32
		{5A0C5389-2E15-4C2B-8C05-FC9AADFF52B1}.Debug|x86.Build.0 = Debug|Win32
		{5A0C5389-2E15-4C2B-8C05-FC9AADFF52B1}.Release|x64.ActiveCfg = Release|x64
		{5A0C5389-2E15-4C2B-8C05-FC9AADFF52B1}.Release|x64.Build.0 = Release|x64
		{5A0C5389-2E15-4C2B-8C05-FC9AADFF52B1}.Release|x86.ActiveCfg = Release|Win32
		{5A0C5389-2E15-4C2B-8C05-FC9AADFF52B1}.Release|x86.Build.0 = Release|Win32
		{343E6126-1A49-46A8-BDF5-6CAC9063D723}.Debug|x64.ActiveCfg = Debug|x64
		{343E6126-1A49-46A8-BDF5-6CAC9063D723}.Debug|x64.Build.0 = Debug|x64
		{343E6126-1A49-46A8-BDF5-6CAC9063D723}.Debug|x86.ActiveCfg = Debug|Win32
		{343E6126-1A49-46A8-BDF5-6CAC9063D723}.Debug|x86.Build.0 = Debug|Win32
		{343E6126-1A49-46A8-BDF5-6CAC9063D723}.Release|x64.ActiveCfg = Release|x64
		{343E6126-1A49-46A8-BDF5-6CAC9063D723}.Release|x64.Build.0 = Release|x64
		{343E6126-1A49-46A8-BDF5-6CAC9063D723}.Release|x86.ActiveCfg = Release|Win32
		{343E6126-1A49-46A8-BDF5-6CAC9063D723}.Release|x86.Build.0 = Release|Win32
		{EF938FF3-6A18-47DE-B8D7-B54A54C8FB61}.Debug|x64.ActiveCfg = Debug|x64
		{EF938FF3-6A18-47DE-B8D7-B54A54C8FB61}.Debug|x64.Build.0 = Debug|x64
		{EF938FF3-6A18-47DE-B8D7-B54A54C8FB61}.Debug|x86.ActiveCfg = Debug|Win32
		{EF938FF3-6A18-47DE-B8D7-B54A54C8FB61}.Debug|x86.Build.0 = Debug|Win32
		{EF938FF3-6A18-47DE-B8D7-B54A54C8FB61}.Release|x64.ActiveCfg = Release|x64
		{EF938FF3-6A18-47DE-B8D7-B54A54C8FB61}.Release|x64.Build.0 = Release|x64
		{EF938FF3-6A18-47DE-B8D7-B54A54C8FB61}.Release|x86.ActiveCfg = Release|Win32
		{EF938FF3-6A18-47DE-B8D7-B54A54C8FB61}.Release|x86.Build.0 = Release|Win32
		{9BC4AEC4-E020-45BA-AF18-159650C49470}.Debug|x64.ActiveCfg = Debug|x64
		{9BC4AEC4-E020-45BA-AF18-159650C49470}.Debug|x64.Build.0 = Debug|x64
		{9BC4AEC4-E020-45BA-AF18-159650C49470}.Debug|x86.ActiveCfg = Debug|Win32
		{9BC4AEC4-E020-45BA-AF18-159650C49470}.Debug|x86.Build.0 = Debug|Win32
		{9BC4AEC4-E020-45BA-AF18-159650C49470}.Release|x64.ActiveCfg = Release|x64
		{9BC4AEC4-E020-45BA-AF18-159650C49470}.Release|x64.Build.0 = Release|x64
		{9BC4AEC4-E020-45BA-AF18-159650C49470}.Release|x86.ActiveCfg = Release|Win32
		{9BC4AEC4-E020-45BA-AF18-159650C49470}.Release|x86.Build.0 = Release|Win32
		{6722FB88-56C4-40D5-9E7A-4F53729C0A5A}.Debug|x64.ActiveCfg = Debug|x64
		{6722FB88-56C4-40D5-9E7A-4F53729C0A5A}.Debug|x64.Build.0 = Debug|x64
		{6722FB88-56C4-40D5-9E7A-4F53729C0A5A}.Debug|x86.ActiveCfg = Debug|Win32
		{6722FB88-56C4-40D5-9E7A-4F53729C0A5A}.Debug|x86.Build.0 = Debug|Win32
		{6722FB88-56C4-40D5-9E7A-4F53729C0A5A}.Release|x64.ActiveCfg = Release|x64
		{6722FB88-56C4-40D5-9E7A-4F53729C0A5A}.Release|x64.Build.0 = Release|x64
		{6722FB88-56C4-40D5-9E7A-4F53729C0A5A}.Release|x86.ActiveCfg = Release|Win32
		{6722FB88-56C4-40D5-9E7A-4F53729C0A5A}.Release|x86.Build.0 = Release|Win32
		{4D964DE1-6532-46D6-8CCD-DAD5320CEAE7}.Debug|x64.ActiveCfg = Debug|x64
		{4D964DE1-6532-46D6-8CCD-DAD5320CEAE7}.Debug|x64.Build.0 = Debug|x64
		{4D964DE1-6532-46D6-8CCD-DAD5320CEAE7}.Debug|x86.ActiveCfg = Debug|Win32
		{4D964DE1-6532-46D6-8CCD-DAD5320CEAE7}.Debug|x86.Build.0 = Debug|Win32
		{4D964DE1-6532-46D6-8CCD-DAD5320CEAE7}.Release|x64.ActiveCfg = Release|x64
		{4D964DE1-6532-46D6-8CCD-DAD5320CEAE7}.Release|x64.Build.0 = Release|x64
		{4D964DE1-6532-46D6-8CCD-DAD5320CEAE7}.Release|x86.ActiveCfg = Release|Win32
		{4D964DE1-6532-46D6-8CCD-DAD5320CEAE7}.Release|x86.Build.0 = Release|Win32
		{94691655-2B86-48A6-AC84-1D45E4A68C29}.Debug|x64.ActiveCfg = Debug|x64
		{94691655-2B86-48A6-AC84-1D45E4A68C29}.Debug|x64.Build.0 = Debug|x64
		{94691655-2B86-48A6-AC84-1D45E4A68C29}.Debug|x86.ActiveCfg = Debug|Win32
		{94691655-2B86-48A6-AC84-1D45E4A68C29}.Debug|x86.Build.0 = Debug|Win32
		{94691655-2B86-48A6-AC84-1D45E4A68C29}.Release|x64.ActiveCfg = Release|x64
		{94691655-2B86-48A6-AC84-1D45E4A68C29}.Release|x64.Build.0 = Release|x64
		{94691655-2B86-48A6-AC84-1D45E4A68C29}.Release|x86.ActiveCfg = Release|Win32
		{94691655-2B86-48A6-AC84-1D45E4A68C29}.Release|x86.Build.0 = Release|Win32
		{799FA8D1-0D40-4DC5-9E7B-C996F5059CDE}.Debug|x64.ActiveCfg = Debug|x64
		{799FA8D1-0D40-4DC5-9E7B-C996F5059CDE}.Debug|x64.Build.0 = Debug|x64
		{799FA8D1-0D40-4DC5-9E7B-C996F5059CDE}.Debug|x86.ActiveCfg = Debug|Win32
		{799FA8D1-0D40-4DC5-9E7B-C996F5059CDE}.Debug|x86.Build.0 = Debug|Win32
		{799FA8D1-0D40-4DC5-9E7B-C996F5059CDE}.Release|x64.ActiveCfg = Release|x64
		{799FA8D1-0D40-4DC5-9E7B-C996F5059CDE}.Release|x64.Build.0 = Release|x64
		{799FA8D1-0D40-4DC5-9E7B-C996F5059CDE}.Release|x86.ActiveCfg = Release|Win32
		{799FA8D1-0D40-4DC5-9E7B-C996F5059CDE}.Release|x86.Build.0 = Release|Win32
		{53D3B68E-45AE-455E-96EC-10D4E177BD72}.Debug|x64.ActiveCfg = Debug|x64
		{53D3B68E-45AE-455E-96EC-10D4E177BD72}.Debug|x64.Build.0 = Debug|x64
		{53D3B68E-45AE-455E-96EC-10D4E177BD72}.Debug|x86.ActiveCfg = Debug|Win32
		{53D3B68E-45AE-455E-96EC-10D4E177BD72}.Debug|x86.Build.0 = Debug|Win32
		{53D3B68E-45AE-455E-96EC-10D4E177BD72}.Release|x64.ActiveCfg = Release|x64
		{53D3B68E-45AE-455E-96EC-10D4E177BD72}.Release|x64.Build.0 = Release|x64
		{53D3B68E-45AE-455E-96EC-10D4E177BD72}.Release|x86.ActiveCfg = Release|Win32
		{53D3B68E-45AE-455E-96EC-10D4E177BD72}.Release|x86.Build.0 = Release|Win32
		{EE11214D-D7E6-4E03-A4CB-3161AA83A33C}.Debug|x64.ActiveCfg = Debug|x64
		{EE11214D-D7E6-4E03-A4CB-3161AA83A33C}.Debug|x64.Build.0 = Debug|x64
		{EE11214D-D7E6-4E03-A4CB-3161AA83A33C}.Debug|x86.ActiveCfg = Debug|Win32
		{EE11214D-D7E6-4E03-A4CB-3161AA83A33C}.Debug|x86.Build.0 = Debug|Win32
		{EE11214D-D7E6-4E03-A4CB-3161AA83A33C}.Release|x64.ActiveCfg = Release|x64
		{EE11214D-D7E6-4E03-A4CB-3161AA83A33C}.Release|x64.Build.0 = Release|x64
		{EE11214D-D7E6-4E03-A4CB-3161AA83A33C}.Release|x86.ActiveCfg = Release|Win32
		{EE11214D-D7E6-4E03-A4CB-3161AA83A33C}.Release|x86.Build.0 = Release|Win32
		{B722A592-A769-49CC-A816-D55C97A537F9}.Debug|x64.ActiveCfg = Debug|x64
		{B722A592-A769-49CC-A816-D55C97A537F9}.Debug|x64.Build.0 = Debug|x64
		{B722A592-A769-49CC-A816-D55C97A537F9}.Debug|x86.ActiveCfg = Debug|Win32
		{B722A592-A769-49CC-A816-D55C97A537F9}.Debug|x86.Build.0 = Debug|Win32
		{B722A592-A769-49CC-A816-D55C97A537F9}.Release|x64.ActiveCfg = Release|x64
		{B722A592-A769-49CC-A816-D55C97A537F9}.Release|x64.Build.0 = Release|x64
		{B722A592-A769-49CC-A816-D55C97A537F9}.Release|x86.ActiveCfg = Release|Win32
		{B722A592-A769-49CC-A816-D55C97A537F9}.Release|x86.Build.0 = Release|Win32
		{370619BA-B207-4027-9B58-BDF71C7AA8E5}.Debug|x64.ActiveCfg = Debug|x64
		{370619BA-B207-4027-9B58-BDF71C7AA8E5}.Debug|x64.Build.0 = Debug|x64
		{370619BA-B207-4027-9B58-BDF71C7AA8E5}.Debug|x86.ActiveCfg = Debug|Win32
		{370619BA-B207-4027-9B58-BDF71C7AA8E5}.Debug|x86.Build.0 = Debug|Win32
		{370619BA-B207-4027-9B58-BDF71C7AA8E5}.Release|x64.ActiveCfg = Release|x64
		{370619BA-B207-4027-9B58-BDF71C7AA8E5}.Release|x64.Build.0 = Release|x64
		{370619BA-B207-4027-9B58-BDF71C7AA8E5}.Release|x86.ActiveCfg = Release|Win32
		{370619BA-B207-4027-9B58-BDF71C7AA8E5}.Release|x86.Build.0 = Release|Win32
		{E3C60980-97AE-4027-A4BC-161D201280E1}.Debug|x64.ActiveCfg = Debug|x64
		{E3C60980-97AE-4027-A4BC-161D201280E1}.Debug|x64.Build.0 = Debug|x64
		{E3C60980-97AE-4027-A4BC-161D201280E1}.Debug|x86.ActiveCfg = Debug|Win32
		{E3C60980-97AE-4027-A4BC-161D201280E1}.Debug|x86.Build.0 = Debug|Win32
		{E3C60980-97AE-4027-A4BC-161D201280E1}.Release|x64.ActiveCfg = Release|x64
		{E3C60980-97AE-4027-A4BC-161D201280E1}.Release|x64.Build.0 = Release|x64
		{E3C60980-97AE-4027-A4BC-161D201280E1}.Release|x86.ActiveCfg = Release|Win32
		{E3C60980-97AE-4027-A4BC-161D201280E1}.Release|x86.Build.0 = Release|Win32
		{0937592D-896B-407A-813E-F0EAA4E34166}.Debug|x64.ActiveCfg = Debug|x64
		{0937592D-896B-407A-813E-F0EAA4E34166}.Debug|x64.Build.0 = Debug|x64
		{0937592D-896B-407A-813E-F0EAA4E34166}.Debug|x86.ActiveCfg = Debug|Win32
		{0937592D-896B-407A-813E-F0EAA4E34166}.Debug|x86.Build.0 = Debug|Win32
		{0937592D-896B-407A-813E-F0EAA4E34166}.Release|x64.ActiveCfg = Release|x64
		{0937592D-896B-407A-813E-F0EAA4E34166}.Release|x64.Build.0 = Release|x64
		{0937592D-896B-407A-813E-F0EAA4E34166}.Release|x86.ActiveCfg = Release|Win32
		{0937592D-896B-407A-813E-F0EAA4E34166}.Release|x86.Build.0 = Release|Win32
		{BC962F45-6DB3-4257-9C67-672A109EE53E}.Debug|x64.ActiveCfg = Debug|x64
		{BC962F45-6DB3-4257-9C67-672A109EE53E}.Debug|x64.Build.0 = Debug|x64
		{BC962F45-6DB3-4257-9C67-672A109EE53E}.Debug|x86.ActiveCfg = Debug|Win32
		{BC962F45-6DB3-4257-9C67-672A109EE53E}.Debug|x86.Build.0 = Debug|Win32
		{BC962F45-6DB3-4257-9C67-672A109EE53E}.Release|x64.ActiveCfg = Release|x64
		{BC962F45-6DB3-4257-9C67-672A109EE53E}.Release|x64.Build.0 = Release|x64
		{BC962F45-6DB3-4257-9C67-672A109EE53E}.Release|x86.ActiveCfg = Release|Win32
		{BC962F45-6DB3-4257-9C67-672A109EE53E}.Release|x86.Build.0 = Release|Win32
		{325BFE1A-846B-4BC0-844E-F0FC8256C92E}.Debug|x64.ActiveCfg = Debug|x64
		{325BFE1A-846B-4BC0-844E-F0FC8256C92E}.Debug|x64.Build.0 = Debug|x64
		{325BFE1A-846B-4BC0-844E-F0FC8256C92E}.Debug|x86.ActiveCfg = Debug|Win32
		{325BFE1A-846B-4BC0-844E-F0FC8256C92E}.Debug|x86.Build.0 = Debug|Win32
		{325BFE1A-846B-4BC0-844E-F0FC8256C92E}.Release|x64.ActiveCfg = Release|x64
		{325BFE1A-846B-4BC0-844E-F0FC8256C92E}.Release|x64.Build.0 = Release|x64
		{325BFE1A-846B-4BC0-844E-F0FC8256C92E}.Release|x86.ActiveCfg = Release|Win32
		{325BFE1A-846B-4BC0-844E-F0FC8256C92E}.Release|x86.Build.0 = Release|Win32
		{47DDCAD1-CFB9-4BE4-A507-FC6440D320EA}.Debug|x64.ActiveCfg = Debug|x64
		{47DDCAD1-CFB9-4BE4-A507-FC6440D320EA}.Debug|x64.Build.0 = Debug|x64
		{47DDCAD1-CFB9-4BE4-A507-FC6440D320EA}.Debug|x86.ActiveCfg = Debug|Win32
		{47DDCAD1-CFB9-4BE4-A507-FC6440D320EA}.Debug|x86.Build.0 = Debug|Win32
		{47DDCAD1-CFB9-4BE4-A507-FC6440D320EA}.Release|x64.ActiveCfg = Release|x64
		{47DDCAD1-CFB9-4BE4-A507-FC6440D320EA}.Release|x64.Build.0 = Release|x64
		{47DDCAD1-CFB9-4BE4-A507-FC6440D320EA}.Release|x86.ActiveCfg = Release|Win32
		{47DDCAD1-CFB9-4BE4-A507-FC6440D320EA}.Release|x86.Build.0 = Release|Win32
		{AC1A9519-3D5B-4EE5-A32F-7DF7016BB4CF}.Debug|x64.ActiveCfg = Debug|x64
		{AC1A9519-3D5B-4EE5-A32F-7DF7016BB4CF}.Debug|x64.Build.0 = Debug|x64
		{AC1A9519-3D5B-4EE5-A32F-7DF7016BB4CF}.Debug|x86.ActiveCfg = Debug|Win32
		{AC1A9519-3D5B-4EE5-A32F-7DF7016BB4CF}.Debug|x86.Build.0 = Debug|Win32
		{AC1A9519-3D5B-4EE5-A32F-7DF7016BB4CF}.Release|x64.ActiveCfg = Release|x64
		{AC1A9519-3D5B-4EE5-A32F-7DF7016BB4CF}.Release|x64.Build.0 = Release|x64
		{AC1A9519-3D5B-4EE5-A32F-7DF7016BB4CF}.Release|x86.ActiveCfg = Release|Win32
		{AC1A9519-3D5B-4EE5-A32F-7DF7016BB4CF}.Release|x86.Build.0 = Release|Win32
		{115CE36B-617C-4B46-B4C4-9B7FEA085FEF}.Debug|x64.ActiveCfg = Debug|x64
		{115CE36B-617C-4B46-B4C4-9B7FEA085FEF}.Debug|x64.Build.0 = Debug|x64
		{115CE36B-617C-4B46-B4C4-9B7FEA085FEF}.Debug|x86.ActiveCfg = Debug|Win32
		{115CE36B-617C-4B46-B4C4-9B7FEA085FEF}.Debug|x86.Build.0 = Debug|Win32
		{115CE36B-617C-4B46-B4C4-9B7FEA085FEF}.Release|x64.ActiveCfg = Release|x64
		{115CE36B-617C-4B46-B4C4-9B7FEA085FEF}.Release|x64.Build.0 = Release|x64
		{115CE36B-617C-4B46-B4C4-9B7FEA085FEF}.Release|x86.ActiveCfg = Release|Win32
		{115CE36B-617C-4B46-B4C4-9B7FEA085FEF}.Release|x86.Build.0 = Release|Win32
		{A5B3F346-DFA2-41D9-B34E-6D7B223D2C73}.Debug|x64.ActiveCfg = Debug|x64
		{A5B3F346-DFA2-41D9-B34E-6D7B223D2C73}.Debug|x64.Build.0 = Debug|x64
		{A5B3F346-DFA2-41D9-B34E-6D7B223D2C73}.Debug|x86.ActiveCfg = Debug|Win32
		{A5B3F346-DFA2-41D9-B34E-6D7B223D2C73}.Debug|x86.Build.0 = Debug|Win32
		{A5B3F346-DFA2-41D9-B34E-6D7B223D2C73}.Release|x64.ActiveCfg = Release|x64
		{A5B3F346-DFA2-41D9-B34E-6D7B223D2C73}.Release|x64.Build.0 = Release|x64
		{A5B3F346-DFA2-41D9-B34E-6D7B223D2C73}.Release|x86.ActiveCfg = Release|Win32
		{A5B3F346-DFA2-41D9-B34E-6D7B223D2C73}.Release|x86.Build.0 = Release|Win32
		{0D23AEEE-A850-40AF-8E28-C6B26A4F494E}.Debug|x64.ActiveCfg = Debug|x64
		{0D23AEEE-A850-40AF-8E28-C6B26A4F494E}.Debug|x64.Build.0 = Debug|x64
		{0D23AEEE-A850-40AF-8E28-C6B26A4F494E}.Debug|x86.ActiveCfg = Debug|Win32
		{0D23AEEE-A850-40AF-8E28-C6B26A4F494E}.Debug|x86.Build.0 = Debug|Win32
		{0D23AEEE-A850-40AF-8E28-C6B26A4F494E}.Release|x64.ActiveCfg = Release|x64
		{0D23AEEE-A850-40AF-8E28-C6B26A4F494E}.Release|x64.Build.0 = Release|x64
		{0D23AEEE-A850-40AF-8E28-C6B26A4F494E}.Release|x86.ActiveCfg = Release|Win32
		{0D23AEEE-A850-40AF-8E28-C6B26A4F494E}.Release|x86.Build.0 = Release|Win32
		{B8E813E8-E320-48D7-A2E0-F2818E8B3FA1}.Debug|x64.ActiveCfg = Debug|x64
		{B8E813E8-E320-48D7-A2E0-F2818E8B3FA1}.Debug|x64.Build.0 = Debug|x64
		{B8E813E8-E320-48D7-A2E0-F2818E8B3FA1}.Debug|x86.ActiveCfg = Debug|Win32
		{B8E813E8-E320-48D7-A2E0-F2818E8B3FA1}.Debug|x86.Build.0 = Debug|Win32
		{B8E813E8-E320-48D7-A2E0-F2818E8B3FA1}.Release|x64.ActiveCfg = Release|x64
		{B8E813E8-E320-48D7-A2E0-F2818E8B3FA1}.Release|x64.Build.0 = Release|x64
		{B8E813E8-E320-48D7-A2E0-F2818E8B3FA1}.Release|x86.ActiveCfg = Release|Win32
		{B8E813E8-E320-48D7-A2E0-F2818E8B3FA1}.Release|x86.Build.0 = Release|Win32
		{40B7427B-3A82-4BD9-8819-C5EEDDAA3494}.Debug|x64.ActiveCfg = Debug|x64
		{40B7427B-3A82-4BD9-8819-C5EEDDAA3494}.Debug|x64.Build.0 = Debug|x64
		{40B7427B-3A82-4BD9-8819-C5EEDDAA3494}.Debug|x86.ActiveCfg = Debug|Win32
		{40B7427B-3A82-4BD9-8819-C5EEDDAA3494}.Debug|x86.Build.0 = Debug|Win32
		{40B7427B-3A82-4BD9-8819-C5EEDDAA3494}.Release|x64.ActiveCfg = Release|x64
		{40B7427B-3A82-4BD9-8819-C5EEDDAA3494}.Release|x64.Build.0 = Release|x64
		{40B7427B-3A82-4BD9-8819-C5EEDDAA3494}.Release|x86.ActiveCfg = Release|Win32
		{40B7427B-3A82-4BD9-8819-C5EEDDAA3494}.Release|x86.Build.0 = Release|Win32
		{366821FE-C721-4205-9E66-22D3BC27DA75}.Debug|x64.ActiveCfg = Debug|x64
		{366821FE-C721-4205-9E66-22D3BC27DA75}.Debug|x64.Build.0 = Debug|x64
		{366821FE-C721-4205-9E66-22D3BC27DA75}.Debug|x86.ActiveCfg = Debug|Win32
		{366821FE-C721-4205-9E66-22D3BC27DA75}.Debug|x86.Build.0 = Debug|Win32
		{366821FE-C721-4205-9E66-22D3BC27DA75}.Release|x64.ActiveCfg = Release|x64
		{366821FE-C721-4205-9E66-22D3BC27DA75}.Release|x64.Build.0 = Release|x64
		{366821FE-C721-4205-9E66-22D3BC27DA75}.Release|x86.ActiveCfg = Release|Win32
		{366821FE-C721-4205-9E66-22D3BC27DA75}.Release|x86.Build.0 = Release|Win32
		{F4B92973-142E-4BA8-8B3E-BBBAD81A3D52}.Debug|x64.ActiveCfg = Debug|x64
		{F4B92973-142E-4BA8-8B3E-BBBAD81A3D52}.Debug|x64.Build.0 = Debug|x64
		{F4B92973-142E-4BA8-8B3E-BBBAD81A3D52}.Debug|x86.ActiveCfg = Debug|Win32
		{F4B92973-142E-4BA8-8B3E-BBBAD81A3D52}.Debug|x86.Build.0 = Debug|Win32
		{F4B92973-142E-4BA8-8B3E-BBBAD81A3D52}.Release|x64.ActiveCfg = Release|x64
		{F4B92973-142E-4BA8-8B3E-BBBAD81A3D52}.Release|x64.Build.0 = Release|x64
		{F4B92973-142E-4BA8-8B3E-BBBAD81A3D52}.Release|x86.ActiveCfg = Release|Win32
		{F4B92973-142E-4BA8-8B3E-BBBAD81A3D52}.Release|x86.Build.0 = Release|Win32
		{764BDA8C-3B9B-427D-8D8B-F75DDF8A9EF5}.Debug|x64.ActiveCfg = Debug|x64
		{764BDA8C-3B9B-427D-8D8B-F75DDF8A9EF5}.Debug|x64.Build.0 = Debug|x64
		{764BDA8C-3B9B-427D-8D8B-F75DDF8A9EF5}.Debug|x86.ActiveCfg = Debug|Win32
		{764BDA8C-3B9B-427D-8D8B-F75DDF8A9EF5}.Debug|x86.Build.0 = Debug|Win32
		{764BDA8C-3B9B-427D-8D8B-F75DDF8A9EF5}.Release|x64.ActiveCfg = Release|x64
		{764BDA8C-3B9B-427D-8D8B-F75DDF8A9EF5}.Release|x64.Build.0 = Release|x64
		{764BDA8C-3B9B-427D-8D8B-F75DDF8A9EF5}.Release|x86.ActiveCfg = Release|Win32
		{764BDA8C-3B9B-427D-8D8B-F75DDF8A9EF5}.Release|x86.Build.0 = Release|Win32
		{7C0626E2-7F6E-4DA4-B051-95346ED8F6D6}.Debug|x64.ActiveCfg = Debug|x64
		{7C0626E2-7F6E-4DA4-B051-95346ED8F6D6}.Debug|x64.Build.0 = Debug|x64
		{7C0626E2-7F6E-4DA4-B051-95346ED8F6D6}.Debug|x86.ActiveCfg = Debug|Win32
		{7C0626E2-7F6E-4DA4-B051-95346ED8F6D6}.Debug|x86.Build.0 = Debug|Win32
		{7C0626E2-7F6E-4DA4-B051-95346ED8F6D6}.Release|x64.ActiveCfg = Release|x64
		{7C0626E2-7F6E-4DA4-B051-95346ED8F6D6}.Release|x64.Build.0 = Release|x64
		{7C0626E2-7F6E-4DA4-B051-95346ED8F6D6}.Release|x86.ActiveCfg = Release|Win32
		{7C0626E2-7F6E-4DA4-B051-95346ED8F6D6}.Release|x86.Build.0 = Release|Win32
		{3AB7A97F-B4AC-484B-B040-96DCE00F22BB}.Debug|x64.ActiveCfg = Debug|x64
		{3AB7A97F-B4AC-484B-B040-96DCE00F22BB}.Debug|x64.Build.0 = Debug|x64
		{3AB7A97F-B4AC-484B-B040-96DCE00F22BB}.Debug|x86.ActiveCfg = Debug|Win32
		{3AB7A97F-B4AC-484B-B040-96DCE00F22BB}.Debug|x86.Build.0 = Debug|Win32
		{3AB7A97F-B4AC-484B-B040-96DCE00F22BB}.Release|x64.ActiveCfg = Release|x64
		{3AB7A97F-B4AC-484B-B040-96DCE00F22BB}.Release|x64.Build.0 = Release|x64
		{3AB7A97F-B4AC-484B-B040-96DCE00F22BB}.Release|x86.ActiveCfg = Release|Win32
		{3AB7A97F-B4AC-484B-B040-96DCE00F22BB}.Release|x86.Build.0 = Release|Win32
		{13F3F873-0927-41B4-AC3A-CEE3FDB895D8}.Debug|x64.ActiveCfg = Debug|x64
		{13F3F873-0927-41B4-AC3A-CEE3FDB895D8}.Debug|x64.Build.0 = Debug|x64
		{13F3F873-0927-41B4-AC3A-CEE3FDB895D8}.Debug|x86.ActiveCfg = Debug|Win32
		{13F3F873-0927-41B4-AC3A-CEE3FDB895D8}.Debug|x86.Build.0 = Debug|Win32
		{13F3F873-0927-41B4-AC3A-CEE3FDB895D8}.Release|x64.ActiveCfg = Release|x64
		{13F3F873-0927-41B4-AC3A-CEE3FDB895D8}.Release|x64.Build.0 = Release|x64
		{13F3F873-0927-41B4-AC3A-CEE3FDB895D8}.Release|x86.ActiveCfg = Release|Win32
		{13F3F873-0927-41B4-AC3A-CEE3FDB895D8}.Release|x86.Build.0 = Release|Win32
		{F1F2AF0A-3358-4EBE-B963-30A02292398C}.Debug|x64.ActiveCfg = Debug|x64
		{F1F2AF0A-3358-4EBE-B963-30A02292398C}.Debug|x64.Build.0 = Debug|x64
		{F1F2AF0A-3358-4EBE-B963-30A02292398C}.Debug|x86.ActiveCfg = Debug|Win32
		{F1F2AF0A-3358-4EBE-B963-30A02292398C}.Debug|x86.Build.0 = Debug|Win32
		{F1F2AF0A-3358-4EBE-B963-30A02292398C}.Release|x64.ActiveCfg = Release|x64
		{F1F2AF0A-3358-4EBE-B963-30A02292398C}.Release|x64.Build.0 = Release|x64
		{F1F2AF0A-3358-4EBE-B963-30A02292398C}.Release|x86.ActiveCfg = Release|Win32
		{F1F2AF0A-3358-4EBE-B963-30A02292398C}.Release|x86.Build.0 = Release|Win32
		{82195F66-C0B0-497E-8307-EB3A4B41DE25}.Debug|x64.ActiveCfg = Debug|x64
		{82195F66-C0B0-497E-8307-EB3A4B41DE25}.Debug|x64.Build.0 = Debug|x64
		{82195F66-C0B0-497E-8307-EB3A4B41DE25}.Debug|x86.ActiveCfg = Debug|Win32
		{82195F66-C0B0-497E-8307-EB3A4B41DE25}.Debug|x86.Build.0 = Debug|Win32
		{82195F66-C0B0-497E-8307-EB3A4B41DE25}.Release|x64.ActiveCfg = Release|x64
		{82195F66-C0B0-497E-8307-EB3A4B41DE25}.Release|x64.Build.0 = Release|x64
		{82195F66-C0B0-497E-8307-EB3A4B41DE25}.Release|x86.ActiveCfg = Release|Win32
		{82195F66-C0B0-497E-8307-EB3A4B41DE25}.Release|x86.Build.0 = Release|Win32
		{ECADAFEE-5B8A-4492-9C24-5C098FDA093C}.Debug|x64.ActiveCfg = Debug|x64
		{ECADAFEE-5B8A-4492-9C24-5C098FDA093C}.Debug|x64.Build.0 = Debug|x64
		{ECADAFEE-5B8A-4492-9C24-5C098FDA093C}.Debug|x86.ActiveCfg = Debug|Win32
		{ECADAFEE-5B8A-4492-9C24-5C098FDA093C}.Debug|x86.Build.0 = Debug|Win32
		{ECADAFEE-5B8A-4492-9C24-5C098FDA093C}.Release|x64.ActiveCfg = Release|x64
		{ECADAFEE-5B8A-4492-9C24-5C098FDA093C}.Release|x64.Build.0 = Release|x64
		{ECADAFEE-5B8A-4492-9C24-5C098FDA093C}.Release|x86.ActiveCfg = Release|Win32
		{ECADAFEE-5B8A-4492-9C24-5C098FDA093C}.Release|x86.Build.0 = Release|Win32
		{DF915536-57C1-48D4-8223-7DA5D4CE2B72}.Debug|x64.ActiveCfg = Debug|x64
		{DF915536-57C1-48D4-8223-7DA5D4CE2B72}.Debug|x64.Build.0 = Debug|x64
		{DF915536-57C1-48D4-8223-7DA5D4CE2B72}.Debug|x86.ActiveCfg = Debug|Win32
		{DF915536-57C1-48D4-8223-7DA5D4CE2B72}.Debug|x86.Build.0 = Debug|Win32
		{DF915536-57C1-48D4-8223-7DA5D4CE2B72}.Release|x64.ActiveCfg = Release|x64
		{DF915536-57C1-48D4-8223-7DA5D4CE2B72}.Release|x64.Build.0 = Release|x64
		{DF915536-57C1-48D4-8223-7DA5D4CE2B72}.Release|x86.ActiveCfg = Release|Win32
		{DF915536-57C1-48D4-8223-7DA5D4CE2B72}.Release|x86.Build.0 = Release|Win32
		{D8462681-DCD8-4110-89D5-59A28DE41CE1}.Debug|x64.ActiveCfg = Debug|x64
		{D8462681-DCD8-4110-89D5-59A28DE41CE1}.Debug|x64.Build.0 = Debug|x64
		{D8462681-DCD8-4110-89D5-59A28DE41CE1}.Debug|x86.ActiveCfg = Debug|Win32
		{D8462681-DCD8-4110-89D5-59A28DE41CE1}.Debug|x86.Build.0 = Debug|Win32
		{D8462681-DCD8-4110-89D5-59A28DE41CE1}.Release|x64.ActiveCfg = Release|x64
		{D8462681-DCD8-4110-89D5-59A28DE41CE1}.Release|x64.Build.0 = Release|x64
		{D8462681-DCD8-4110-89D5-59A28DE41CE1}.Release|x86.ActiveCfg = Release|Win32
		{D8462681-DCD8-4110-89D5-59A28DE41CE1}.Release|x86.Build.0 = Release|Win32
		{076FEE47-513E-4FBD-9988-8019A4832528}.Debug|x64.ActiveCfg = Debug|x64
		{076FEE47-513E-4FBD-9988-8019A4832528}.Debug|x64.Build.0 = Debug|x64
		{076FEE47-513E-4FBD-9988-8019A4832528}.Debug|x86.ActiveCfg = Debug|Win32
		{076FEE47-513E-4FBD-9988-8019A4832528}.Debug|x86.Build.0 = Debug|Win32
		{076FEE47-513E-4FBD-9988-8019A4832528}.Release|x64.ActiveCfg = Release|x64
		{076FEE47-513E-4FBD-9988-8019A4832528}.Release|x64.Build.0 = Release|x64
		{076FEE47-513E-4FBD-9988-8019A4832528}.Release|x86.ActiveCfg = Release|Win32
		{076FEE47-513E-4FBD-9988-8019A4832528}.Release|x86.Build.0 = Release|Win32
		{2A586003-4D72-406A-8F72-2C2067989EB2}.Debug|x64.ActiveCfg = Debug|x64
		{2A586003-4D72-406A-8F72-2C2067989EB2}.Debug|x64.Build.0 = Debug|x64
		{2A586003-4D72-406A-8F72-2C2067989EB2}.Debug|x86.ActiveCfg = Debug|Win32
		{2A586003-4D72-406A-8F72-2C2067989EB2}.Debug|x86.Build.0 = Debug|Win32
		{2A586003-4D72-406A-8F72-2C2067989EB2}.Release|x64.ActiveCfg = Release|x64
		{2A586003-4D72-406A-8F72-2C2067989EB2}.Release|x64.Build.0 = Release|x64
		{2A586003-4D72-406A-8F72-2C2067989EB2}.Release|x86.ActiveCfg = Release|Win32
		{2A586003-4D72-406A-8F72-2C2067989EB2}.Release|x86.Build.0 = Release|Win32
	EndGlobalSection
	GlobalSection(SolutionProperties) = preSolution
		HideSolutionNode = FALSE
	EndGlobalSection
	GlobalSection(ExtensibilityGlobals) = postSolution
		SolutionGuid = {79C3737D-8798-485E-9A69-9E285123D387}
	EndGlobalSection
EndGlobal
