
Microsoft Visual Studio Solution File, Format Version 12.00
# Visual Studio Version 17
VisualStudioVersion = 17.1.32328.378
MinimumVisualStudioVersion = 10.0.40219.1
Project("{8BC9CEB8-8B4A-11D0-8D11-00A0C91BC942}") = "sample_project1", "C++\C++.vcxproj", "{53BB67B1-985E-4138-8204-6B5C22936910}"
EndProject
Project("{8BC9CEB8-8B4A-11D0-8D11-00A0C91BC942}") = "sample_project1_new", "sample_project1_new\sample_project1_new.vcxproj", "{C0CCD532-3924-4C59-857F-EC031E322E86}"
EndProject
Project("{8BC9CEB8-8B4A-11D0-8D11-00A0C91BC942}") = "sample2-1", "sample2-1\sample2-1.vcxproj", "{D00D9E45-B6A1-4EB4-BF00-CC902B7ED478}"
EndProject
Project("{8BC9CEB8-8B4A-11D0-8D11-00A0C91BC942}") = "sample3-1", "sample3-1\sample3-1.vcxproj", "{607BB6E7-3A01-423F-867F-A5B1EF971A47}"
EndProject
Project("{8BC9CEB8-8B4A-11D0-8D11-00A0C91BC942}") = "sample3-2", "sample3-2\sample3-2.vcxproj", "{65806FEC-AA32-49F3-A02D-FB3EC47BC1B5}"
EndProject
Project("{8BC9CEB8-8B4A-11D0-8D11-00A0C91BC942}") = "sample3-3", "sample3-3\sample3-3.vcxproj", "{ABD131A0-8E5D-4146-8217-FB17DFE80D36}"
EndProject
Project("{8BC9CEB8-8B4A-11D0-8D11-00A0C91BC942}") = "sample4-1", "sample4-1\sample4-1.vcxproj", "{2DAEBD3C-3C19-40C6-A059-8D7B0AC4D38F}"
EndProject
Project("{8BC9CEB8-8B4A-11D0-8D11-00A0C91BC942}") = "sample4-2", "sample4-2\sample4-2.vcxproj", "{86C51527-E16B-40FF-9232-FEE3A9AB4BBC}"
EndProject
Project("{8BC9CEB8-8B4A-11D0-8D11-00A0C91BC942}") = "sample4-3", "sample4-3\sample4-3.vcxproj", "{5A0C5389-2E15-4C2B-8C05-FC9AADFF52B1}"
EndProject
Project("{8BC9CEB8-8B4A-11D0-8D11-00A0C91BC942}") = "sample4-4", "sample4-4\sample4-4.vcxproj", "{343E6126-1A49-46A8-BDF5-6CAC9063D723}"
EndProject
Project("{8BC9CEB8-8B4A-11D0-8D11-00A0C91BC942}") = "sample5-1", "sample5-1\sample5-1.vcxproj", "{EF938FF3-6A18-47DE-B8D7-B54A54C8FB61}"
EndProject
Project("{8BC9CEB8-8B4A-11D0-8D11-00A0C91BC942}") = "sample6-1", "sample6-1\sample6-1.vcxproj", "{9BC4AEC4-E020-45BA-AF18-159650C49470}"
EndProject
Project("{8BC9CEB8-8B4A-11D0-8D11-00A0C91BC942}") = "prob5-1", "prob5-1\prob5-1.vcxproj", "{6722FB88-56C4-40D5-9E7A-4F53729C0A5A}"
EndProject
Project("{8BC9CEB8-8B4A-11D0-8D11-00A0C91BC942}") = "prob5-2", "prob5-2\prob5-2.vcxproj", "{4D964DE1-6532-46D6-8CCD-DAD5320CEAE7}"
EndProject
Project("{8BC9CEB8-8B4A-11D0-8D11-00A0C91BC942}") = "prob5-3", "prob5-3\prob5-3.vcxproj", "{94691655-2B86-48A6-AC84-1D45E4A68C29}"
EndProject
Project("{8BC9CEB8-8B4A-11D0-8D11-00A0C91BC942}") = "sample6-2", "sample6-2\sample6-2.vcxproj", "{799FA8D1-0D40-4DC5-9E7B-C996F5059CDE}"
EndProject
Project("{8BC9CEB8-8B4A-11D0-8D11-00A0C91BC942}") = "prob6-1", "prob6-1\prob6-1.vcxproj", "{53D3B68E-45AE-455E-96EC-10D4E177BD72}"
EndProject
Project("{8BC9CEB8-8B4A-11D0-8D11-00A0C91BC942}") = "prob6-2", "prob6-2\prob6-2.vcxproj", "{EE11214D-D7E6-4E03-A4CB-3161AA83A33C}"
EndProject
Project("{8BC9CEB8-8B4A-11D0-8D11-00A0C91BC942}") = "sample7-1", "sample7-1\sample7-1.vcxproj", "{B722A592-A769-49CC-A816-D55C97A537F9}"
EndProject
Project("{8BC9CEB8-8B4A-11D0-8D11-00A0C91BC942}") = "sample7-2", "sample7-2\sample7-2.vcxproj", "{370619BA-B207-4027-9B58-BDF71C7AA8E5}"
EndProject
Global
	GlobalSection(SolutionConfigurationPlatforms) = preSolution
		Debug|x64 = Debug|x64
		Debug|x86 = Debug|x86
		Release|x64 = Release|x64
		Release|x86 = Release|x86
	EndGlobalSection
	GlobalSection(ProjectConfigurationPlatforms) = postSolution
		{53BB67B1-985E-4138-8204-6B5C22936910}.Debug|x64.ActiveCfg = Debug|x64
		{53BB67B1-985E-4138-8204-6B5C22936910}.Debug|x64.Build.0 = Debug|x64
		{53BB67B1-985E-4138-8204-6B5C22936910}.Debug|x86.ActiveCfg = Debug|Win32
		{53BB67B1-985E-4138-8204-6B5C22936910}.Debug|x86.Build.0 = Debug|Win32
		{53BB67B1-985E-4138-8204-6B5C22936910}.Release|x64.ActiveCfg = Release|x64
		{53BB67B1-985E-4138-8204-6B5C22936910}.Release|x64.Build.0 = Release|x64
		{53BB67B1-985E-4138-8204-6B5C22936910}.Release|x86.ActiveCfg = Release|Win32
		{53BB67B1-985E-4138-8204-6B5C22936910}.Release|x86.Build.0 = Release|Win32
		{C0CCD532-3924-4C59-857F-EC031E322E86}.Debug|x64.ActiveCfg = Debug|x64
		{C0CCD532-3924-4C59-857F-EC031E322E86}.Debug|x64.Build.0 = Debug|x64
		{C0CCD532-3924-4C59-857F-EC031E322E86}.Debug|x86.ActiveCfg = Debug|Win32
		{C0CCD532-3924-4C59-857F-EC031E322E86}.Debug|x86.Build.0 = Debug|Win32
		{C0CCD532-3924-4C59-857F-EC031E322E86}.Release|x64.ActiveCfg = Release|x64
		{C0CCD532-3924-4C59-857F-EC031E322E86}.Release|x64.Build.0 = Release|x64
		{C0CCD532-3924-4C59-857F-EC031E322E86}.Release|x86.ActiveCfg = Release|Win32
		{C0CCD532-3924-4C59-857F-EC031E322E86}.Release|x86.Build.0 = Release|Win32
		{D00D9E45-B6A1-4EB4-BF00-CC902B7ED478}.Debug|x64.ActiveCfg = Debug|x64
		{D00D9E45-B6A1-4EB4-BF00-CC902B7ED478}.Debug|x64.Build.0 = Debug|x64
		{D00D9E45-B6A1-4EB4-BF00-CC902B7ED478}.Debug|x86.ActiveCfg = Debug|Win32
		{D00D9E45-B6A1-4EB4-BF00-CC902B7ED478}.Debug|x86.Build.0 = Debug|Win32
		{D00D9E45-B6A1-4EB4-BF00-CC902B7ED478}.Release|x64.ActiveCfg = Release|x64
		{D00D9E45-B6A1-4EB4-BF00-CC902B7ED478}.Release|x64.Build.0 = Release|x64
		{D00D9E45-B6A1-4EB4-BF00-CC902B7ED478}.Release|x86.ActiveCfg = Release|Win32
		{D00D9E45-B6A1-4EB4-BF00-CC902B7ED478}.Release|x86.Build.0 = Release|Win32
		{607BB6E7-3A01-423F-867F-A5B1EF971A47}.Debug|x64.ActiveCfg = Debug|x64
		{607BB6E7-3A01-423F-867F-A5B1EF971A47}.Debug|x64.Build.0 = Debug|x64
		{607BB6E7-3A01-423F-867F-A5B1EF971A47}.Debug|x86.ActiveCfg = Debug|Win32
		{607BB6E7-3A01-423F-867F-A5B1EF971A47}.Debug|x86.Build.0 = Debug|Win32
		{607BB6E7-3A01-423F-867F-A5B1EF971A47}.Release|x64.ActiveCfg = Release|x64
		{607BB6E7-3A01-423F-867F-A5B1EF971A47}.Release|x64.Build.0 = Release|x64
		{607BB6E7-3A01-423F-867F-A5B1EF971A47}.Release|x86.ActiveCfg = Release|Win32
		{607BB6E7-3A01-423F-867F-A5B1EF971A47}.Release|x86.Build.0 = Release|Win32
		{65806FEC-AA32-49F3-A02D-FB3EC47BC1B5}.Debug|x64.ActiveCfg = Debug|x64
		{65806FEC-AA32-49F3-A02D-FB3EC47BC1B5}.Debug|x64.Build.0 = Debug|x64
		{65806FEC-AA32-49F3-A02D-FB3EC47BC1B5}.Debug|x86.ActiveCfg = Debug|Win32
		{65806FEC-AA32-49F3-A02D-FB3EC47BC1B5}.Debug|x86.Build.0 = Debug|Win32
		{65806FEC-AA32-49F3-A02D-FB3EC47BC1B5}.Release|x64.ActiveCfg = Release|x64
		{65806FEC-AA32-49F3-A02D-FB3EC47BC1B5}.Release|x64.Build.0 = Release|x64
		{65806FEC-AA32-49F3-A02D-FB3EC47BC1B5}.Release|x86.ActiveCfg = Release|Win32
		{65806FEC-AA32-49F3-A02D-FB3EC47BC1B5}.Release|x86.Build.0 = Release|Win32
		{ABD131A0-8E5D-4146-8217-FB17DFE80D36}.Debug|x64.ActiveCfg = Debug|x64
		{ABD131A0-8E5D-4146-8217-FB17DFE80D36}.Debug|x64.Build.0 = Debug|x64
		{ABD131A0-8E5D-4146-8217-FB17DFE80D36}.Debug|x86.ActiveCfg = Debug|Win32
		{ABD131A0-8E5D-4146-8217-FB17DFE80D36}.Debug|x86.Build.0 = Debug|Win32
		{ABD131A0-8E5D-4146-8217-FB17DFE80D36}.Release|x64.ActiveCfg = Release|x64
		{ABD131A0-8E5D-4146-8217-FB17DFE80D36}.Release|x64.Build.0 = Release|x64
		{ABD131A0-8E5D-4146-8217-FB17DFE80D36}.Release|x86.ActiveCfg = Release|Win32
		{ABD131A0-8E5D-4146-8217-FB17DFE80D36}.Release|x86.Build.0 = Release|Win32
		{2DAEBD3C-3C19-40C6-A059-8D7B0AC4D38F}.Debug|x64.ActiveCfg = Debug|x64
		{2DAEBD3C-3C19-40C6-A059-8D7B0AC4D38F}.Debug|x64.Build.0 = Debug|x64
		{2DAEBD3C-3C19-40C6-A059-8D7B0AC4D38F}.Debug|x86.ActiveCfg = Debug|Win32
		{2DAEBD3C-3C19-40C6-A059-8D7B0AC4D38F}.Debug|x86.Build.0 = Debug|Win32
		{2DAEBD3C-3C19-40C6-A059-8D7B0AC4D38F}.Release|x64.ActiveCfg = Release|x64
		{2DAEBD3C-3C19-40C6-A059-8D7B0AC4D38F}.Release|x64.Build.0 = Release|x64
		{2DAEBD3C-3C19-40C6-A059-8D7B0AC4D38F}.Release|x86.ActiveCfg = Release|Win32
		{2DAEBD3C-3C19-40C6-A059-8D7B0AC4D38F}.Release|x86.Build.0 = Release|Win32
		{86C51527-E16B-40FF-9232-FEE3A9AB4BBC}.Debug|x64.ActiveCfg = Debug|x64
		{86C51527-E16B-40FF-9232-FEE3A9AB4BBC}.Debug|x64.Build.0 = Debug|x64
		{86C51527-E16B-40FF-9232-FEE3A9AB4BBC}.Debug|x86.ActiveCfg = Debug|Win32
		{86C51527-E16B-40FF-9232-FEE3A9AB4BBC}.Debug|x86.Build.0 = Debug|Win32
		{86C51527-E16B-40FF-9232-FEE3A9AB4BBC}.Release|x64.ActiveCfg = Release|x64
		{86C51527-E16B-40FF-9232-FEE3A9AB4BBC}.Release|x64.Build.0 = Release|x64
		{86C51527-E16B-40FF-9232-FEE3A9AB4BBC}.Release|x86.ActiveCfg = Release|Win32
		{86C51527-E16B-40FF-9232-FEE3A9AB4BBC}.Release|x86.Build.0 = Release|Win32
		{5A0C5389-2E15-4C2B-8C05-FC9AADFF52B1}.Debug|x64.ActiveCfg = Debug|x64
		{5A0C5389-2E15-4C2B-8C05-FC9AADFF52B1}.Debug|x64.Build.0 = Debug|x64
		{5A0C5389-2E15-4C2B-8C05-FC9AADFF52B1}.Debug|x86.ActiveCfg = Debug|Win32
		{5A0C5389-2E15-4C2B-8C05-FC9AADFF52B1}.Debug|x86.Build.0 = Debug|Win32
		{5A0C5389-2E15-4C2B-8C05-FC9AADFF52B1}.Release|x64.ActiveCfg = Release|x64
		{5A0C5389-2E15-4C2B-8C05-FC9AADFF52B1}.Release|x64.Build.0 = Release|x64
		{5A0C5389-2E15-4C2B-8C05-FC9AADFF52B1}.Release|x86.ActiveCfg = Release|Win32
		{5A0C5389-2E15-4C2B-8C05-FC9AADFF52B1}.Release|x86.Build.0 = Release|Win32
		{343E6126-1A49-46A8-BDF5-6CAC9063D723}.Debug|x64.ActiveCfg = Debug|x64
		{343E6126-1A49-46A8-BDF5-6CAC9063D723}.Debug|x64.Build.0 = Debug|x64
		{343E6126-1A49-46A8-BDF5-6CAC9063D723}.Debug|x86.ActiveCfg = Debug|Win32
		{343E6126-1A49-46A8-BDF5-6CAC9063D723}.Debug|x86.Build.0 = Debug|Win32
		{343E6126-1A49-46A8-BDF5-6CAC9063D723}.Release|x64.ActiveCfg = Release|x64
		{343E6126-1A49-46A8-BDF5-6CAC9063D723}.Release|x64.Build.0 = Release|x64
		{343E6126-1A49-46A8-BDF5-6CAC9063D723}.Release|x86.ActiveCfg = Release|Win32
		{343E6126-1A49-46A8-BDF5-6CAC9063D723}.Release|x86.Build.0 = Release|Win32
		{EF938FF3-6A18-47DE-B8D7-B54A54C8FB61}.Debug|x64.ActiveCfg = Debug|x64
		{EF938FF3-6A18-47DE-B8D7-B54A54C8FB61}.Debug|x64.Build.0 = Debug|x64
		{EF938FF3-6A18-47DE-B8D7-B54A54C8FB61}.Debug|x86.ActiveCfg = Debug|Win32
		{EF938FF3-6A18-47DE-B8D7-B54A54C8FB61}.Debug|x86.Build.0 = Debug|Win32
		{EF938FF3-6A18-47DE-B8D7-B54A54C8FB61}.Release|x64.ActiveCfg = Release|x64
		{EF938FF3-6A18-47DE-B8D7-B54A54C8FB61}.Release|x64.Build.0 = Release|x64
		{EF938FF3-6A18-47DE-B8D7-B54A54C8FB61}.Release|x86.ActiveCfg = Release|Win32
		{EF938FF3-6A18-47DE-B8D7-B54A54C8FB61}.Release|x86.Build.0 = Release|Win32
		{9BC4AEC4-E020-45BA-AF18-159650C49470}.Debug|x64.ActiveCfg = Debug|x64
		{9BC4AEC4-E020-45BA-AF18-159650C49470}.Debug|x64.Build.0 = Debug|x64
		{9BC4AEC4-E020-45BA-AF18-159650C49470}.Debug|x86.ActiveCfg = Debug|Win32
		{9BC4AEC4-E020-45BA-AF18-159650C49470}.Debug|x86.Build.0 = Debug|Win32
		{9BC4AEC4-E020-45BA-AF18-159650C49470}.Release|x64.ActiveCfg = Release|x64
		{9BC4AEC4-E020-45BA-AF18-159650C49470}.Release|x64.Build.0 = Release|x64
		{9BC4AEC4-E020-45BA-AF18-159650C49470}.Release|x86.ActiveCfg = Release|Win32
		{9BC4AEC4-E020-45BA-AF18-159650C49470}.Release|x86.Build.0 = Release|Win32
		{6722FB88-56C4-40D5-9E7A-4F53729C0A5A}.Debug|x64.ActiveCfg = Debug|x64
		{6722FB88-56C4-40D5-9E7A-4F53729C0A5A}.Debug|x64.Build.0 = Debug|x64
		{6722FB88-56C4-40D5-9E7A-4F53729C0A5A}.Debug|x86.ActiveCfg = Debug|Win32
		{6722FB88-56C4-40D5-9E7A-4F53729C0A5A}.Debug|x86.Build.0 = Debug|Win32
		{6722FB88-56C4-40D5-9E7A-4F53729C0A5A}.Release|x64.ActiveCfg = Release|x64
		{6722FB88-56C4-40D5-9E7A-4F53729C0A5A}.Release|x64.Build.0 = Release|x64
		{6722FB88-56C4-40D5-9E7A-4F53729C0A5A}.Release|x86.ActiveCfg = Release|Win32
		{6722FB88-56C4-40D5-9E7A-4F53729C0A5A}.Release|x86.Build.0 = Release|Win32
		{4D964DE1-6532-46D6-8CCD-DAD5320CEAE7}.Debug|x64.ActiveCfg = Debug|x64
		{4D964DE1-6532-46D6-8CCD-DAD5320CEAE7}.Debug|x64.Build.0 = Debug|x64
		{4D964DE1-6532-46D6-8CCD-DAD5320CEAE7}.Debug|x86.ActiveCfg = Debug|Win32
		{4D964DE1-6532-46D6-8CCD-DAD5320CEAE7}.Debug|x86.Build.0 = Debug|Win32
		{4D964DE1-6532-46D6-8CCD-DAD5320CEAE7}.Release|x64.ActiveCfg = Release|x64
		{4D964DE1-6532-46D6-8CCD-DAD5320CEAE7}.Release|x64.Build.0 = Release|x64
		{4D964DE1-6532-46D6-8CCD-DAD5320CEAE7}.Release|x86.ActiveCfg = Release|Win32
		{4D964DE1-6532-46D6-8CCD-DAD5320CEAE7}.Release|x86.Build.0 = Release|Win32
		{94691655-2B86-48A6-AC84-1D45E4A68C29}.Debug|x64.ActiveCfg = Debug|x64
		{94691655-2B86-48A6-AC84-1D45E4A68C29}.Debug|x64.Build.0 = Debug|x64
		{94691655-2B86-48A6-AC84-1D45E4A68C29}.Debug|x86.ActiveCfg = Debug|Win32
		{94691655-2B86-48A6-AC84-1D45E4A68C29}.Debug|x86.Build.0 = Debug|Win32
		{94691655-2B86-48A6-AC84-1D45E4A68C29}.Release|x64.ActiveCfg = Release|x64
		{94691655-2B86-48A6-AC84-1D45E4A68C29}.Release|x64.Build.0 = Release|x64
		{94691655-2B86-48A6-AC84-1D45E4A68C29}.Release|x86.ActiveCfg = Release|Win32
		{94691655-2B86-48A6-AC84-1D45E4A68C29}.Release|x86.Build.0 = Release|Win32
		{799FA8D1-0D40-4DC5-9E7B-C996F5059CDE}.Debug|x64.ActiveCfg = Debug|x64
		{799FA8D1-0D40-4DC5-9E7B-C996F5059CDE}.Debug|x64.Build.0 = Debug|x64
		{799FA8D1-0D40-4DC5-9E7B-C996F5059CDE}.Debug|x86.ActiveCfg = Debug|Win32
		{799FA8D1-0D40-4DC5-9E7B-C996F5059CDE}.Debug|x86.Build.0 = Debug|Win32
		{799FA8D1-0D40-4DC5-9E7B-C996F5059CDE}.Release|x64.ActiveCfg = Release|x64
		{799FA8D1-0D40-4DC5-9E7B-C996F5059CDE}.Release|x64.Build.0 = Release|x64
		{799FA8D1-0D40-4DC5-9E7B-C996F5059CDE}.Release|x86.ActiveCfg = Release|Win32
		{799FA8D1-0D40-4DC5-9E7B-C996F5059CDE}.Release|x86.Build.0 = Release|Win32
		{53D3B68E-45AE-455E-96EC-10D4E177BD72}.Debug|x64.ActiveCfg = Debug|x64
		{53D3B68E-45AE-455E-96EC-10D4E177BD72}.Debug|x64.Build.0 = Debug|x64
		{53D3B68E-45AE-455E-96EC-10D4E177BD72}.Debug|x86.ActiveCfg = Debug|Win32
		{53D3B68E-45AE-455E-96EC-10D4E177BD72}.Debug|x86.Build.0 = Debug|Win32
		{53D3B68E-45AE-455E-96EC-10D4E177BD72}.Release|x64.ActiveCfg = Release|x64
		{53D3B68E-45AE-455E-96EC-10D4E177BD72}.Release|x64.Build.0 = Release|x64
		{53D3B68E-45AE-455E-96EC-10D4E177BD72}.Release|x86.ActiveCfg = Release|Win32
		{53D3B68E-45AE-455E-96EC-10D4E177BD72}.Release|x86.Build.0 = Release|Win32
		{EE11214D-D7E6-4E03-A4CB-3161AA83A33C}.Debug|x64.ActiveCfg = Debug|x64
		{EE11214D-D7E6-4E03-A4CB-3161AA83A33C}.Debug|x64.Build.0 = Debug|x64
		{EE11214D-D7E6-4E03-A4CB-3161AA83A33C}.Debug|x86.ActiveCfg = Debug|Win32
		{EE11214D-D7E6-4E03-A4CB-3161AA83A33C}.Debug|x86.Build.0 = Debug|Win32
		{EE11214D-D7E6-4E03-A4CB-3161AA83A33C}.Release|x64.ActiveCfg = Release|x64
		{EE11214D-D7E6-4E03-A4CB-3161AA83A33C}.Release|x64.Build.0 = Release|x64
		{EE11214D-D7E6-4E03-A4CB-3161AA83A33C}.Release|x86.ActiveCfg = Release|Win32
		{EE11214D-D7E6-4E03-A4CB-3161AA83A33C}.Release|x86.Build.0 = Release|Win32
		{B722A592-A769-49CC-A816-D55C97A537F9}.Debug|x64.ActiveCfg = Debug|x64
		{B722A592-A769-49CC-A816-D55C97A537F9}.Debug|x64.Build.0 = Debug|x64
		{B722A592-A769-49CC-A816-D55C97A537F9}.Debug|x86.ActiveCfg = Debug|Win32
		{B722A592-A769-49CC-A816-D55C97A537F9}.Debug|x86.Build.0 = Debug|Win32
		{B722A592-A769-49CC-A816-D55C97A537F9}.Release|x64.ActiveCfg = Release|x64
		{B722A592-A769-49CC-A816-D55C97A537F9}.Release|x64.Build.0 = Release|x64
		{B722A592-A769-49CC-A816-D55C97A537F9}.Release|x86.ActiveCfg = Release|Win32
		{B722A592-A769-49CC-A816-D55C97A537F9}.Release|x86.Build.0 = Release|Win32
		{370619BA-B207-4027-9B58-BDF71C7AA8E5}.Debug|x64.ActiveCfg = Debug|x64
		{370619BA-B207-4027-9B58-BDF71C7AA8E5}.Debug|x64.Build.0 = Debug|x64
		{370619BA-B207-4027-9B58-BDF71C7AA8E5}.Debug|x86.ActiveCfg = Debug|Win32
		{370619BA-B207-4027-9B58-BDF71C7AA8E5}.Debug|x86.Build.0 = Debug|Win32
		{370619BA-B207-4027-9B58-BDF71C7AA8E5}.Release|x64.ActiveCfg = Release|x64
		{370619BA-B207-4027-9B58-BDF71C7AA8E5}.Release|x64.Build.0 = Release|x64
		{370619BA-B207-4027-9B58-BDF71C7AA8E5}.Release|x86.ActiveCfg = Release|Win32
		{370619BA-B207-4027-9B58-BDF71C7AA8E5}.Release|x86.Build.0 = Release|Win32
	EndGlobalSection
	GlobalSection(SolutionProperties) = preSolution
		HideSolutionNode = FALSE
	EndGlobalSection
	GlobalSection(ExtensibilityGlobals) = postSolution
		SolutionGuid = {79C3737D-8798-485E-9A69-9E285123D387}
	EndGlobalSection
EndGlobal
